// !$*UTF8*$!
{
	archiveVersion = 1;
	classes = {
	};
	objectVersion = 46;
	objects = {

/* Begin PBXBuildFile section */
		1D0C56151C5A0EEB05F962ED /* libPods-RamblerTest.a in Frameworks */ = {isa = PBXBuildFile; fileRef = 5F1622E4865E9AD3361776DD /* libPods-RamblerTest.a */; };
		C56A285F498A7533329600EE /* libPods-RamblerTestTests.a in Frameworks */ = {isa = PBXBuildFile; fileRef = 05699F746041899523040355 /* libPods-RamblerTestTests.a */; };
		EF4CDE3A1D7308D5006CBE3C /* main.m in Sources */ = {isa = PBXBuildFile; fileRef = EF4CDE391D7308D5006CBE3C /* main.m */; };
		EF4CDE3D1D7308D5006CBE3C /* AppDelegate.m in Sources */ = {isa = PBXBuildFile; fileRef = EF4CDE3C1D7308D5006CBE3C /* AppDelegate.m */; };
		EF4CDE451D7308D5006CBE3C /* Assets.xcassets in Resources */ = {isa = PBXBuildFile; fileRef = EF4CDE441D7308D5006CBE3C /* Assets.xcassets */; };
		EF4CDE481D7308D5006CBE3C /* LaunchScreen.storyboard in Resources */ = {isa = PBXBuildFile; fileRef = EF4CDE461D7308D5006CBE3C /* LaunchScreen.storyboard */; };
		EF4CDE6A1D731114006CBE3C /* YVConstants.m in Sources */ = {isa = PBXBuildFile; fileRef = EF4CDE691D731114006CBE3C /* YVConstants.m */; };
		EF4CDE6D1D731149006CBE3C /* YVNewsModel.m in Sources */ = {isa = PBXBuildFile; fileRef = EF4CDE6C1D731149006CBE3C /* YVNewsModel.m */; };
		EF4CDE721D731192006CBE3C /* YVFixedURLSessionManager.m in Sources */ = {isa = PBXBuildFile; fileRef = EF4CDE711D731192006CBE3C /* YVFixedURLSessionManager.m */; };
		EF4CDE7D1D7312EF006CBE3C /* XMLDictionary.m in Sources */ = {isa = PBXBuildFile; fileRef = EF4CDE7C1D7312EF006CBE3C /* XMLDictionary.m */; };
		EF4CDE801D7312F7006CBE3C /* YVURLSessionOperation.m in Sources */ = {isa = PBXBuildFile; fileRef = EF4CDE7F1D7312F7006CBE3C /* YVURLSessionOperation.m */; };
		EF4CDE831D731303006CBE3C /* YVLoadDataOperation.m in Sources */ = {isa = PBXBuildFile; fileRef = EF4CDE821D731303006CBE3C /* YVLoadDataOperation.m */; };
		EF4CDE8A1D731331006CBE3C /* YVGetAllSortedResults.m in Sources */ = {isa = PBXBuildFile; fileRef = EF4CDE851D731331006CBE3C /* YVGetAllSortedResults.m */; };
		EF4CDE8B1D731331006CBE3C /* YVGetAllNewsOperation.m in Sources */ = {isa = PBXBuildFile; fileRef = EF4CDE871D731331006CBE3C /* YVGetAllNewsOperation.m */; };
		EF4CDE8C1D731331006CBE3C /* YVGetNewsOperation.m in Sources */ = {isa = PBXBuildFile; fileRef = EF4CDE891D731331006CBE3C /* YVGetNewsOperation.m */; };
		EF4CDE8F1D73133C006CBE3C /* YVParseOperation.m in Sources */ = {isa = PBXBuildFile; fileRef = EF4CDE8E1D73133C006CBE3C /* YVParseOperation.m */; };
		EF4CDE921D731356006CBE3C /* YVSortResultsOperation.m in Sources */ = {isa = PBXBuildFile; fileRef = EF4CDE911D731356006CBE3C /* YVSortResultsOperation.m */; };
		EF4CDE961D731375006CBE3C /* YVLoadNewsServiceImplementation.m in Sources */ = {isa = PBXBuildFile; fileRef = EF4CDE951D731375006CBE3C /* YVLoadNewsServiceImplementation.m */; };
		EF4CDEA51D732875006CBE3C /* YVLoadDataOperationTests.m in Sources */ = {isa = PBXBuildFile; fileRef = EF4CDEA41D732875006CBE3C /* YVLoadDataOperationTests.m */; };
		EF4CDEAD1D732FE8006CBE3C /* YVParseOperationTests.m in Sources */ = {isa = PBXBuildFile; fileRef = EF4CDEAC1D732FE8006CBE3C /* YVParseOperationTests.m */; };
		EF4CDEB01D73352E006CBE3C /* YVGetNewsOperationTests.m in Sources */ = {isa = PBXBuildFile; fileRef = EF4CDEAF1D73352E006CBE3C /* YVGetNewsOperationTests.m */; };
		EF4CDEB21D7335F9006CBE3C /* YVGetAllNewsOperationTests.m in Sources */ = {isa = PBXBuildFile; fileRef = EF4CDEB11D7335F9006CBE3C /* YVGetAllNewsOperationTests.m */; };
		EF4CDEB41D73373D006CBE3C /* YVGetAllSortedResultsTests.m in Sources */ = {isa = PBXBuildFile; fileRef = EF4CDEB31D73373D006CBE3C /* YVGetAllSortedResultsTests.m */; };
		EF4CDEB71D733958006CBE3C /* YVSortResultsOperationTests.m in Sources */ = {isa = PBXBuildFile; fileRef = EF4CDEB61D733958006CBE3C /* YVSortResultsOperationTests.m */; };
		EF4CDEBA1D733AE9006CBE3C /* YVLoadNewsServiceTests.m in Sources */ = {isa = PBXBuildFile; fileRef = EF4CDEB91D733AE9006CBE3C /* YVLoadNewsServiceTests.m */; };
		EF4CDECC1D735629006CBE3C /* YVDisplayShortListInteractor.m in Sources */ = {isa = PBXBuildFile; fileRef = EF4CDECB1D735629006CBE3C /* YVDisplayShortListInteractor.m */; };
		EF4CDED01D735633006CBE3C /* YVDisplayShortListRouter.m in Sources */ = {isa = PBXBuildFile; fileRef = EF4CDECF1D735633006CBE3C /* YVDisplayShortListRouter.m */; };
		EF4CDED31D73563B006CBE3C /* YVDisplayShortListPresenter.m in Sources */ = {isa = PBXBuildFile; fileRef = EF4CDED21D73563B006CBE3C /* YVDisplayShortListPresenter.m */; };
		EF4CDEE01D7357FB006CBE3C /* YVDisplayShortListTableCell.m in Sources */ = {isa = PBXBuildFile; fileRef = EF4CDEDE1D7357FB006CBE3C /* YVDisplayShortListTableCell.m */; };
		EF4CDEE11D7357FB006CBE3C /* YVDisplayShortListTableCell.xib in Resources */ = {isa = PBXBuildFile; fileRef = EF4CDEDF1D7357FB006CBE3C /* YVDisplayShortListTableCell.xib */; };
		EF4CDEE61D73596A006CBE3C /* YVDisplayShortListAdapter.m in Sources */ = {isa = PBXBuildFile; fileRef = EF4CDEE51D73596A006CBE3C /* YVDisplayShortListAdapter.m */; };
		EF4CDEE91D735988006CBE3C /* YVDisplayShortListViewController.m in Sources */ = {isa = PBXBuildFile; fileRef = EF4CDEE81D735988006CBE3C /* YVDisplayShortListViewController.m */; };
		EF4CDEEB1D735B69006CBE3C /* DisplayNews.storyboard in Resources */ = {isa = PBXBuildFile; fileRef = EF4CDEEA1D735B69006CBE3C /* DisplayNews.storyboard */; };
		EF4CDEF21D735CB5006CBE3C /* YVDisplayLongNewsRouter.m in Sources */ = {isa = PBXBuildFile; fileRef = EF4CDEF11D735CB5006CBE3C /* YVDisplayLongNewsRouter.m */; };
		EF4CDEF61D735CBE006CBE3C /* YVDisplayLongNewsPresenter.m in Sources */ = {isa = PBXBuildFile; fileRef = EF4CDEF51D735CBE006CBE3C /* YVDisplayLongNewsPresenter.m */; };
		EF4CDEFB1D735CDA006CBE3C /* YVDisplayLongNewsViewController.m in Sources */ = {isa = PBXBuildFile; fileRef = EF4CDEFA1D735CDA006CBE3C /* YVDisplayLongNewsViewController.m */; };
		EF4CDF021D736192006CBE3C /* YVDisplayShortListInteractorTests.m in Sources */ = {isa = PBXBuildFile; fileRef = EF4CDF011D736192006CBE3C /* YVDisplayShortListInteractorTests.m */; };
		EF4CDF041D736638006CBE3C /* YVDisplayShortListPresenterTests.m in Sources */ = {isa = PBXBuildFile; fileRef = EF4CDF031D736638006CBE3C /* YVDisplayShortListPresenterTests.m */; };
		EF4CDF081D736CDB006CBE3C /* YVDisplayShortListRouterTests.m in Sources */ = {isa = PBXBuildFile; fileRef = EF4CDF071D736CDB006CBE3C /* YVDisplayShortListRouterTests.m */; };
		EF4CDF0A1D736E6B006CBE3C /* YVDisplayShortListViewControllerTests.m in Sources */ = {isa = PBXBuildFile; fileRef = EF4CDF091D736E6B006CBE3C /* YVDisplayShortListViewControllerTests.m */; };
		EF4CDF0D1D737124006CBE3C /* YVDisplayLongNewsViewControllerTests.m in Sources */ = {isa = PBXBuildFile; fileRef = EF4CDF0C1D737124006CBE3C /* YVDisplayLongNewsViewControllerTests.m */; };
		EF4CDF101D73727F006CBE3C /* YVDisplayLongNewsRouterTests.m in Sources */ = {isa = PBXBuildFile; fileRef = EF4CDF0F1D73727F006CBE3C /* YVDisplayLongNewsRouterTests.m */; };
/* End PBXBuildFile section */

/* Begin PBXContainerItemProxy section */
		EF4CDE4F1D7308D5006CBE3C /* PBXContainerItemProxy */ = {
			isa = PBXContainerItemProxy;
			containerPortal = EF4CDE2D1D7308D5006CBE3C /* Project object */;
			proxyType = 1;
			remoteGlobalIDString = EF4CDE341D7308D5006CBE3C;
			remoteInfo = RamblerTest;
		};
/* End PBXContainerItemProxy section */

/* Begin PBXFileReference section */
		05699F746041899523040355 /* libPods-RamblerTestTests.a */ = {isa = PBXFileReference; explicitFileType = archive.ar; includeInIndex = 0; path = "libPods-RamblerTestTests.a"; sourceTree = BUILT_PRODUCTS_DIR; };
		2DB1566DA2CB59B4E1BAC2BC /* Pods-RamblerTest.debug.xcconfig */ = {isa = PBXFileReference; includeInIndex = 1; lastKnownFileType = text.xcconfig; name = "Pods-RamblerTest.debug.xcconfig"; path = "Pods/Target Support Files/Pods-RamblerTest/Pods-RamblerTest.debug.xcconfig"; sourceTree = "<group>"; };
		5D28B30F6EA15C6735E5AD04 /* Pods-RamblerTestTests.release.xcconfig */ = {isa = PBXFileReference; includeInIndex = 1; lastKnownFileType = text.xcconfig; name = "Pods-RamblerTestTests.release.xcconfig"; path = "Pods/Target Support Files/Pods-RamblerTestTests/Pods-RamblerTestTests.release.xcconfig"; sourceTree = "<group>"; };
		5F1622E4865E9AD3361776DD /* libPods-RamblerTest.a */ = {isa = PBXFileReference; explicitFileType = archive.ar; includeInIndex = 0; path = "libPods-RamblerTest.a"; sourceTree = BUILT_PRODUCTS_DIR; };
		B20F1E633FD344F9DE4347ED /* Pods-RamblerTest.release.xcconfig */ = {isa = PBXFileReference; includeInIndex = 1; lastKnownFileType = text.xcconfig; name = "Pods-RamblerTest.release.xcconfig"; path = "Pods/Target Support Files/Pods-RamblerTest/Pods-RamblerTest.release.xcconfig"; sourceTree = "<group>"; };
		E174E5F8DC2FA40853898A20 /* Pods-RamblerTestTests.debug.xcconfig */ = {isa = PBXFileReference; includeInIndex = 1; lastKnownFileType = text.xcconfig; name = "Pods-RamblerTestTests.debug.xcconfig"; path = "Pods/Target Support Files/Pods-RamblerTestTests/Pods-RamblerTestTests.debug.xcconfig"; sourceTree = "<group>"; };
		EF4CDE351D7308D5006CBE3C /* RamblerTest.app */ = {isa = PBXFileReference; explicitFileType = wrapper.application; includeInIndex = 0; path = RamblerTest.app; sourceTree = BUILT_PRODUCTS_DIR; };
		EF4CDE391D7308D5006CBE3C /* main.m */ = {isa = PBXFileReference; lastKnownFileType = sourcecode.c.objc; path = main.m; sourceTree = "<group>"; };
		EF4CDE3B1D7308D5006CBE3C /* AppDelegate.h */ = {isa = PBXFileReference; lastKnownFileType = sourcecode.c.h; path = AppDelegate.h; sourceTree = "<group>"; };
		EF4CDE3C1D7308D5006CBE3C /* AppDelegate.m */ = {isa = PBXFileReference; lastKnownFileType = sourcecode.c.objc; path = AppDelegate.m; sourceTree = "<group>"; };
		EF4CDE441D7308D5006CBE3C /* Assets.xcassets */ = {isa = PBXFileReference; lastKnownFileType = folder.assetcatalog; path = Assets.xcassets; sourceTree = "<group>"; };
		EF4CDE471D7308D5006CBE3C /* Base */ = {isa = PBXFileReference; lastKnownFileType = file.storyboard; name = Base; path = Base.lproj/LaunchScreen.storyboard; sourceTree = "<group>"; };
		EF4CDE491D7308D5006CBE3C /* Info.plist */ = {isa = PBXFileReference; lastKnownFileType = text.plist.xml; path = Info.plist; sourceTree = "<group>"; };
		EF4CDE4E1D7308D5006CBE3C /* RamblerTestTests.xctest */ = {isa = PBXFileReference; explicitFileType = wrapper.cfbundle; includeInIndex = 0; path = RamblerTestTests.xctest; sourceTree = BUILT_PRODUCTS_DIR; };
		EF4CDE541D7308D5006CBE3C /* Info.plist */ = {isa = PBXFileReference; lastKnownFileType = text.plist.xml; path = Info.plist; sourceTree = "<group>"; };
		EF4CDE681D731114006CBE3C /* YVConstants.h */ = {isa = PBXFileReference; fileEncoding = 4; lastKnownFileType = sourcecode.c.h; path = YVConstants.h; sourceTree = "<group>"; };
		EF4CDE691D731114006CBE3C /* YVConstants.m */ = {isa = PBXFileReference; fileEncoding = 4; lastKnownFileType = sourcecode.c.objc; path = YVConstants.m; sourceTree = "<group>"; };
		EF4CDE6B1D731149006CBE3C /* YVNewsModel.h */ = {isa = PBXFileReference; fileEncoding = 4; lastKnownFileType = sourcecode.c.h; path = YVNewsModel.h; sourceTree = "<group>"; };
		EF4CDE6C1D731149006CBE3C /* YVNewsModel.m */ = {isa = PBXFileReference; fileEncoding = 4; lastKnownFileType = sourcecode.c.objc; path = YVNewsModel.m; sourceTree = "<group>"; };
		EF4CDE701D731192006CBE3C /* YVFixedURLSessionManager.h */ = {isa = PBXFileReference; fileEncoding = 4; lastKnownFileType = sourcecode.c.h; path = YVFixedURLSessionManager.h; sourceTree = "<group>"; };
		EF4CDE711D731192006CBE3C /* YVFixedURLSessionManager.m */ = {isa = PBXFileReference; fileEncoding = 4; lastKnownFileType = sourcecode.c.objc; path = YVFixedURLSessionManager.m; sourceTree = "<group>"; };
		EF4CDE7B1D7312EF006CBE3C /* XMLDictionary.h */ = {isa = PBXFileReference; fileEncoding = 4; lastKnownFileType = sourcecode.c.h; path = XMLDictionary.h; sourceTree = "<group>"; };
		EF4CDE7C1D7312EF006CBE3C /* XMLDictionary.m */ = {isa = PBXFileReference; fileEncoding = 4; lastKnownFileType = sourcecode.c.objc; path = XMLDictionary.m; sourceTree = "<group>"; };
		EF4CDE7E1D7312F7006CBE3C /* YVURLSessionOperation.h */ = {isa = PBXFileReference; fileEncoding = 4; lastKnownFileType = sourcecode.c.h; path = YVURLSessionOperation.h; sourceTree = "<group>"; };
		EF4CDE7F1D7312F7006CBE3C /* YVURLSessionOperation.m */ = {isa = PBXFileReference; fileEncoding = 4; lastKnownFileType = sourcecode.c.objc; path = YVURLSessionOperation.m; sourceTree = "<group>"; };
		EF4CDE811D731303006CBE3C /* YVLoadDataOperation.h */ = {isa = PBXFileReference; fileEncoding = 4; lastKnownFileType = sourcecode.c.h; path = YVLoadDataOperation.h; sourceTree = "<group>"; };
		EF4CDE821D731303006CBE3C /* YVLoadDataOperation.m */ = {isa = PBXFileReference; fileEncoding = 4; lastKnownFileType = sourcecode.c.objc; path = YVLoadDataOperation.m; sourceTree = "<group>"; };
		EF4CDE841D731331006CBE3C /* YVGetAllSortedResults.h */ = {isa = PBXFileReference; fileEncoding = 4; lastKnownFileType = sourcecode.c.h; path = YVGetAllSortedResults.h; sourceTree = "<group>"; };
		EF4CDE851D731331006CBE3C /* YVGetAllSortedResults.m */ = {isa = PBXFileReference; fileEncoding = 4; lastKnownFileType = sourcecode.c.objc; path = YVGetAllSortedResults.m; sourceTree = "<group>"; };
		EF4CDE861D731331006CBE3C /* YVGetAllNewsOperation.h */ = {isa = PBXFileReference; fileEncoding = 4; lastKnownFileType = sourcecode.c.h; path = YVGetAllNewsOperation.h; sourceTree = "<group>"; };
		EF4CDE871D731331006CBE3C /* YVGetAllNewsOperation.m */ = {isa = PBXFileReference; fileEncoding = 4; lastKnownFileType = sourcecode.c.objc; path = YVGetAllNewsOperation.m; sourceTree = "<group>"; };
		EF4CDE881D731331006CBE3C /* YVGetNewsOperation.h */ = {isa = PBXFileReference; fileEncoding = 4; lastKnownFileType = sourcecode.c.h; path = YVGetNewsOperation.h; sourceTree = "<group>"; };
		EF4CDE891D731331006CBE3C /* YVGetNewsOperation.m */ = {isa = PBXFileReference; fileEncoding = 4; lastKnownFileType = sourcecode.c.objc; path = YVGetNewsOperation.m; sourceTree = "<group>"; };
		EF4CDE8D1D73133C006CBE3C /* YVParseOperation.h */ = {isa = PBXFileReference; fileEncoding = 4; lastKnownFileType = sourcecode.c.h; path = YVParseOperation.h; sourceTree = "<group>"; };
		EF4CDE8E1D73133C006CBE3C /* YVParseOperation.m */ = {isa = PBXFileReference; fileEncoding = 4; lastKnownFileType = sourcecode.c.objc; path = YVParseOperation.m; sourceTree = "<group>"; };
		EF4CDE901D731356006CBE3C /* YVSortResultsOperation.h */ = {isa = PBXFileReference; fileEncoding = 4; lastKnownFileType = sourcecode.c.h; path = YVSortResultsOperation.h; sourceTree = "<group>"; };
		EF4CDE911D731356006CBE3C /* YVSortResultsOperation.m */ = {isa = PBXFileReference; fileEncoding = 4; lastKnownFileType = sourcecode.c.objc; path = YVSortResultsOperation.m; sourceTree = "<group>"; };
		EF4CDE931D731375006CBE3C /* YVLoadNewsService.h */ = {isa = PBXFileReference; fileEncoding = 4; lastKnownFileType = sourcecode.c.h; path = YVLoadNewsService.h; sourceTree = "<group>"; };
		EF4CDE941D731375006CBE3C /* YVLoadNewsServiceImplementation.h */ = {isa = PBXFileReference; fileEncoding = 4; lastKnownFileType = sourcecode.c.h; path = YVLoadNewsServiceImplementation.h; sourceTree = "<group>"; };
		EF4CDE951D731375006CBE3C /* YVLoadNewsServiceImplementation.m */ = {isa = PBXFileReference; fileEncoding = 4; lastKnownFileType = sourcecode.c.objc; path = YVLoadNewsServiceImplementation.m; sourceTree = "<group>"; };
		EF4CDEA41D732875006CBE3C /* YVLoadDataOperationTests.m */ = {isa = PBXFileReference; fileEncoding = 4; lastKnownFileType = sourcecode.c.objc; path = YVLoadDataOperationTests.m; sourceTree = "<group>"; };
		EF4CDEA71D732AB6006CBE3C /* Constants.h */ = {isa = PBXFileReference; fileEncoding = 4; lastKnownFileType = sourcecode.c.h; path = Constants.h; sourceTree = "<group>"; };
		EF4CDEAC1D732FE8006CBE3C /* YVParseOperationTests.m */ = {isa = PBXFileReference; fileEncoding = 4; lastKnownFileType = sourcecode.c.objc; path = YVParseOperationTests.m; sourceTree = "<group>"; };
		EF4CDEAF1D73352E006CBE3C /* YVGetNewsOperationTests.m */ = {isa = PBXFileReference; fileEncoding = 4; lastKnownFileType = sourcecode.c.objc; path = YVGetNewsOperationTests.m; sourceTree = "<group>"; };
		EF4CDEB11D7335F9006CBE3C /* YVGetAllNewsOperationTests.m */ = {isa = PBXFileReference; fileEncoding = 4; lastKnownFileType = sourcecode.c.objc; path = YVGetAllNewsOperationTests.m; sourceTree = "<group>"; };
		EF4CDEB31D73373D006CBE3C /* YVGetAllSortedResultsTests.m */ = {isa = PBXFileReference; fileEncoding = 4; lastKnownFileType = sourcecode.c.objc; path = YVGetAllSortedResultsTests.m; sourceTree = "<group>"; };
		EF4CDEB61D733958006CBE3C /* YVSortResultsOperationTests.m */ = {isa = PBXFileReference; fileEncoding = 4; lastKnownFileType = sourcecode.c.objc; path = YVSortResultsOperationTests.m; sourceTree = "<group>"; };
		EF4CDEB91D733AE9006CBE3C /* YVLoadNewsServiceTests.m */ = {isa = PBXFileReference; fileEncoding = 4; lastKnownFileType = sourcecode.c.objc; path = YVLoadNewsServiceTests.m; sourceTree = "<group>"; };
		EF4CDEC91D735629006CBE3C /* YVDisplayShortListInteractorInput.h */ = {isa = PBXFileReference; fileEncoding = 4; lastKnownFileType = sourcecode.c.h; path = YVDisplayShortListInteractorInput.h; sourceTree = "<group>"; };
		EF4CDECA1D735629006CBE3C /* YVDisplayShortListInteractor.h */ = {isa = PBXFileReference; fileEncoding = 4; lastKnownFileType = sourcecode.c.h; path = YVDisplayShortListInteractor.h; sourceTree = "<group>"; };
		EF4CDECB1D735629006CBE3C /* YVDisplayShortListInteractor.m */ = {isa = PBXFileReference; fileEncoding = 4; lastKnownFileType = sourcecode.c.objc; path = YVDisplayShortListInteractor.m; sourceTree = "<group>"; };
		EF4CDECD1D735633006CBE3C /* YVDisplayShortListRouterInput.h */ = {isa = PBXFileReference; fileEncoding = 4; lastKnownFileType = sourcecode.c.h; path = YVDisplayShortListRouterInput.h; sourceTree = "<group>"; };
		EF4CDECE1D735633006CBE3C /* YVDisplayShortListRouter.h */ = {isa = PBXFileReference; fileEncoding = 4; lastKnownFileType = sourcecode.c.h; path = YVDisplayShortListRouter.h; sourceTree = "<group>"; };
		EF4CDECF1D735633006CBE3C /* YVDisplayShortListRouter.m */ = {isa = PBXFileReference; fileEncoding = 4; lastKnownFileType = sourcecode.c.objc; path = YVDisplayShortListRouter.m; sourceTree = "<group>"; };
		EF4CDED11D73563B006CBE3C /* YVDisplayShortListPresenter.h */ = {isa = PBXFileReference; fileEncoding = 4; lastKnownFileType = sourcecode.c.h; path = YVDisplayShortListPresenter.h; sourceTree = "<group>"; };
		EF4CDED21D73563B006CBE3C /* YVDisplayShortListPresenter.m */ = {isa = PBXFileReference; fileEncoding = 4; lastKnownFileType = sourcecode.c.objc; path = YVDisplayShortListPresenter.m; sourceTree = "<group>"; };
		EF4CDEDD1D7357FB006CBE3C /* YVDisplayShortListTableCell.h */ = {isa = PBXFileReference; fileEncoding = 4; lastKnownFileType = sourcecode.c.h; path = YVDisplayShortListTableCell.h; sourceTree = "<group>"; };
		EF4CDEDE1D7357FB006CBE3C /* YVDisplayShortListTableCell.m */ = {isa = PBXFileReference; fileEncoding = 4; lastKnownFileType = sourcecode.c.objc; path = YVDisplayShortListTableCell.m; sourceTree = "<group>"; };
		EF4CDEDF1D7357FB006CBE3C /* YVDisplayShortListTableCell.xib */ = {isa = PBXFileReference; fileEncoding = 4; lastKnownFileType = file.xib; path = YVDisplayShortListTableCell.xib; sourceTree = "<group>"; };
		EF4CDEE21D735960006CBE3C /* YVDisplayShortListViewInput.h */ = {isa = PBXFileReference; lastKnownFileType = sourcecode.c.h; path = YVDisplayShortListViewInput.h; sourceTree = "<group>"; };
		EF4CDEE31D735960006CBE3C /* YVDisplayShortListViewOutput.h */ = {isa = PBXFileReference; lastKnownFileType = sourcecode.c.h; path = YVDisplayShortListViewOutput.h; sourceTree = "<group>"; };
		EF4CDEE41D73596A006CBE3C /* YVDisplayShortListAdapter.h */ = {isa = PBXFileReference; fileEncoding = 4; lastKnownFileType = sourcecode.c.h; path = YVDisplayShortListAdapter.h; sourceTree = "<group>"; };
		EF4CDEE51D73596A006CBE3C /* YVDisplayShortListAdapter.m */ = {isa = PBXFileReference; fileEncoding = 4; lastKnownFileType = sourcecode.c.objc; path = YVDisplayShortListAdapter.m; sourceTree = "<group>"; };
		EF4CDEE71D735988006CBE3C /* YVDisplayShortListViewController.h */ = {isa = PBXFileReference; fileEncoding = 4; lastKnownFileType = sourcecode.c.h; path = YVDisplayShortListViewController.h; sourceTree = "<group>"; };
		EF4CDEE81D735988006CBE3C /* YVDisplayShortListViewController.m */ = {isa = PBXFileReference; fileEncoding = 4; lastKnownFileType = sourcecode.c.objc; path = YVDisplayShortListViewController.m; sourceTree = "<group>"; };
		EF4CDEEA1D735B69006CBE3C /* DisplayNews.storyboard */ = {isa = PBXFileReference; fileEncoding = 4; lastKnownFileType = file.storyboard; path = DisplayNews.storyboard; sourceTree = "<group>"; };
		EF4CDEEF1D735CB5006CBE3C /* YVDisplayLongNewsRouterInput.h */ = {isa = PBXFileReference; fileEncoding = 4; lastKnownFileType = sourcecode.c.h; path = YVDisplayLongNewsRouterInput.h; sourceTree = "<group>"; };
		EF4CDEF01D735CB5006CBE3C /* YVDisplayLongNewsRouter.h */ = {isa = PBXFileReference; fileEncoding = 4; lastKnownFileType = sourcecode.c.h; path = YVDisplayLongNewsRouter.h; sourceTree = "<group>"; };
		EF4CDEF11D735CB5006CBE3C /* YVDisplayLongNewsRouter.m */ = {isa = PBXFileReference; fileEncoding = 4; lastKnownFileType = sourcecode.c.objc; path = YVDisplayLongNewsRouter.m; sourceTree = "<group>"; };
		EF4CDEF31D735CBE006CBE3C /* YVDisplayLongNewsPresenterInput.h */ = {isa = PBXFileReference; fileEncoding = 4; lastKnownFileType = sourcecode.c.h; path = YVDisplayLongNewsPresenterInput.h; sourceTree = "<group>"; };
		EF4CDEF41D735CBE006CBE3C /* YVDisplayLongNewsPresenter.h */ = {isa = PBXFileReference; fileEncoding = 4; lastKnownFileType = sourcecode.c.h; path = YVDisplayLongNewsPresenter.h; sourceTree = "<group>"; };
		EF4CDEF51D735CBE006CBE3C /* YVDisplayLongNewsPresenter.m */ = {isa = PBXFileReference; fileEncoding = 4; lastKnownFileType = sourcecode.c.objc; path = YVDisplayLongNewsPresenter.m; sourceTree = "<group>"; };
		EF4CDEF71D735CC6006CBE3C /* YVDisplayLongNewsViewInput.h */ = {isa = PBXFileReference; lastKnownFileType = sourcecode.c.h; path = YVDisplayLongNewsViewInput.h; sourceTree = "<group>"; };
		EF4CDEF81D735CC6006CBE3C /* YVDisplayLongNewsViewOutput.h */ = {isa = PBXFileReference; lastKnownFileType = sourcecode.c.h; path = YVDisplayLongNewsViewOutput.h; sourceTree = "<group>"; };
		EF4CDEF91D735CDA006CBE3C /* YVDisplayLongNewsViewController.h */ = {isa = PBXFileReference; fileEncoding = 4; lastKnownFileType = sourcecode.c.h; path = YVDisplayLongNewsViewController.h; sourceTree = "<group>"; };
		EF4CDEFA1D735CDA006CBE3C /* YVDisplayLongNewsViewController.m */ = {isa = PBXFileReference; fileEncoding = 4; lastKnownFileType = sourcecode.c.objc; path = YVDisplayLongNewsViewController.m; sourceTree = "<group>"; };
		EF4CDF011D736192006CBE3C /* YVDisplayShortListInteractorTests.m */ = {isa = PBXFileReference; fileEncoding = 4; lastKnownFileType = sourcecode.c.objc; path = YVDisplayShortListInteractorTests.m; sourceTree = "<group>"; };
		EF4CDF031D736638006CBE3C /* YVDisplayShortListPresenterTests.m */ = {isa = PBXFileReference; fileEncoding = 4; lastKnownFileType = sourcecode.c.objc; path = YVDisplayShortListPresenterTests.m; sourceTree = "<group>"; };
		EF4CDF071D736CDB006CBE3C /* YVDisplayShortListRouterTests.m */ = {isa = PBXFileReference; fileEncoding = 4; lastKnownFileType = sourcecode.c.objc; path = YVDisplayShortListRouterTests.m; sourceTree = "<group>"; };
		EF4CDF091D736E6B006CBE3C /* YVDisplayShortListViewControllerTests.m */ = {isa = PBXFileReference; fileEncoding = 4; lastKnownFileType = sourcecode.c.objc; path = YVDisplayShortListViewControllerTests.m; sourceTree = "<group>"; };
		EF4CDF0C1D737124006CBE3C /* YVDisplayLongNewsViewControllerTests.m */ = {isa = PBXFileReference; fileEncoding = 4; lastKnownFileType = sourcecode.c.objc; path = YVDisplayLongNewsViewControllerTests.m; sourceTree = "<group>"; };
		EF4CDF0F1D73727F006CBE3C /* YVDisplayLongNewsRouterTests.m */ = {isa = PBXFileReference; fileEncoding = 4; lastKnownFileType = sourcecode.c.objc; path = YVDisplayLongNewsRouterTests.m; sourceTree = "<group>"; };
/* End PBXFileReference section */

/* Begin PBXFrameworksBuildPhase section */
		EF4CDE321D7308D5006CBE3C /* Frameworks */ = {
			isa = PBXFrameworksBuildPhase;
			buildActionMask = 2147483647;
			files = (
				1D0C56151C5A0EEB05F962ED /* libPods-RamblerTest.a in Frameworks */,
			);
			runOnlyForDeploymentPostprocessing = 0;
		};
		EF4CDE4B1D7308D5006CBE3C /* Frameworks */ = {
			isa = PBXFrameworksBuildPhase;
			buildActionMask = 2147483647;
			files = (
				C56A285F498A7533329600EE /* libPods-RamblerTestTests.a in Frameworks */,
			);
			runOnlyForDeploymentPostprocessing = 0;
		};
/* End PBXFrameworksBuildPhase section */

/* Begin PBXGroup section */
		8F7CA5F3E38DB4A3DBF4DED6 /* Pods */ = {
			isa = PBXGroup;
			children = (
				2DB1566DA2CB59B4E1BAC2BC /* Pods-RamblerTest.debug.xcconfig */,
				B20F1E633FD344F9DE4347ED /* Pods-RamblerTest.release.xcconfig */,
				E174E5F8DC2FA40853898A20 /* Pods-RamblerTestTests.debug.xcconfig */,
				5D28B30F6EA15C6735E5AD04 /* Pods-RamblerTestTests.release.xcconfig */,
			);
			name = Pods;
			sourceTree = "<group>";
		};
		DCCD4A91EE94C55325ED699F /* Frameworks */ = {
			isa = PBXGroup;
			children = (
				5F1622E4865E9AD3361776DD /* libPods-RamblerTest.a */,
				05699F746041899523040355 /* libPods-RamblerTestTests.a */,
			);
			name = Frameworks;
			sourceTree = "<group>";
		};
		EF4CDE2C1D7308D5006CBE3C = {
			isa = PBXGroup;
			children = (
				DCCD4A91EE94C55325ED699F /* Frameworks */,
				8F7CA5F3E38DB4A3DBF4DED6 /* Pods */,
				EF4CDE361D7308D5006CBE3C /* Products */,
				EF4CDE371D7308D5006CBE3C /* RamblerTest */,
				EF4CDE511D7308D5006CBE3C /* RamblerTestTests */,
			);
			sourceTree = "<group>";
		};
		EF4CDE361D7308D5006CBE3C /* Products */ = {
			isa = PBXGroup;
			children = (
				EF4CDE351D7308D5006CBE3C /* RamblerTest.app */,
				EF4CDE4E1D7308D5006CBE3C /* RamblerTestTests.xctest */,
			);
			name = Products;
			sourceTree = "<group>";
		};
		EF4CDE371D7308D5006CBE3C /* RamblerTest */ = {
			isa = PBXGroup;
			children = (
				EF4CDE5D1D7308FA006CBE3C /* Classes */,
				EF4CDE5E1D730907006CBE3C /* Resources */,
				EF4CDE381D7308D5006CBE3C /* Supporting Files */,
			);
			path = RamblerTest;
			sourceTree = "<group>";
		};
		EF4CDE381D7308D5006CBE3C /* Supporting Files */ = {
			isa = PBXGroup;
			children = (
				EF4CDE391D7308D5006CBE3C /* main.m */,
			);
			path = "Supporting Files";
			sourceTree = "<group>";
		};
		EF4CDE511D7308D5006CBE3C /* RamblerTestTests */ = {
			isa = PBXGroup;
			children = (
				EF4CDEA21D732813006CBE3C /* BusinessLogicTests */,
				EF4CDEA61D732A99006CBE3C /* Constants */,
				EF4CDEFC1D73608D006CBE3C /* PresentationsTests */,
				EF4CDE541D7308D5006CBE3C /* Info.plist */,
			);
			path = RamblerTestTests;
			sourceTree = "<group>";
		};
		EF4CDE5D1D7308FA006CBE3C /* Classes */ = {
			isa = PBXGroup;
			children = (
				EF4CDE601D73098B006CBE3C /* ApplicationLayer */,
				EF4CDE611D7309A5006CBE3C /* BusinessLogicLayer */,
				EF4CDE5F1D730968006CBE3C /* Constants */,
				EF4CDE621D7309B6006CBE3C /* PONSO */,
				EF4CDE631D7309BF006CBE3C /* PresentationLayer */,
			);
			path = Classes;
			sourceTree = "<group>";
		};
		EF4CDE5E1D730907006CBE3C /* Resources */ = {
			isa = PBXGroup;
			children = (
				EF4CDE441D7308D5006CBE3C /* Assets.xcassets */,
				EF4CDE491D7308D5006CBE3C /* Info.plist */,
				EF4CDE461D7308D5006CBE3C /* LaunchScreen.storyboard */,
			);
			path = Resources;
			sourceTree = "<group>";
		};
		EF4CDE5F1D730968006CBE3C /* Constants */ = {
			isa = PBXGroup;
			children = (
				EF4CDE681D731114006CBE3C /* YVConstants.h */,
				EF4CDE691D731114006CBE3C /* YVConstants.m */,
			);
			path = Constants;
			sourceTree = "<group>";
		};
		EF4CDE601D73098B006CBE3C /* ApplicationLayer */ = {
			isa = PBXGroup;
			children = (
				EF4CDE641D730A0C006CBE3C /* AppDelegate */,
			);
			path = ApplicationLayer;
			sourceTree = "<group>";
		};
		EF4CDE611D7309A5006CBE3C /* BusinessLogicLayer */ = {
			isa = PBXGroup;
			children = (
				EF4CDE6E1D73116B006CBE3C /* Networking */,
				EF4CDE741D731223006CBE3C /* Operations */,
				EF4CDE731D7311D2006CBE3C /* Services */,
			);
			path = BusinessLogicLayer;
			sourceTree = "<group>";
		};
		EF4CDE621D7309B6006CBE3C /* PONSO */ = {
			isa = PBXGroup;
			children = (
				EF4CDE6B1D731149006CBE3C /* YVNewsModel.h */,
				EF4CDE6C1D731149006CBE3C /* YVNewsModel.m */,
			);
			path = PONSO;
			sourceTree = "<group>";
		};
		EF4CDE631D7309BF006CBE3C /* PresentationLayer */ = {
			isa = PBXGroup;
			children = (
				EF4CDEC11D73555E006CBE3C /* DisplayNewsStory */,
				EF4CDEC01D735547006CBE3C /* UserStories */,
			);
			path = PresentationLayer;
			sourceTree = "<group>";
		};
		EF4CDE641D730A0C006CBE3C /* AppDelegate */ = {
			isa = PBXGroup;
			children = (
				EF4CDE3B1D7308D5006CBE3C /* AppDelegate.h */,
				EF4CDE3C1D7308D5006CBE3C /* AppDelegate.m */,
			);
			path = AppDelegate;
			sourceTree = "<group>";
		};
		EF4CDE6E1D73116B006CBE3C /* Networking */ = {
			isa = PBXGroup;
			children = (
				EF4CDE6F1D731182006CBE3C /* FixedAFNetworking */,
			);
			path = Networking;
			sourceTree = "<group>";
		};
		EF4CDE6F1D731182006CBE3C /* FixedAFNetworking */ = {
			isa = PBXGroup;
			children = (
				EF4CDE701D731192006CBE3C /* YVFixedURLSessionManager.h */,
				EF4CDE711D731192006CBE3C /* YVFixedURLSessionManager.m */,
			);
			path = FixedAFNetworking;
			sourceTree = "<group>";
		};
		EF4CDE731D7311D2006CBE3C /* Services */ = {
			isa = PBXGroup;
			children = (
				EF4CDE931D731375006CBE3C /* YVLoadNewsService.h */,
				EF4CDE941D731375006CBE3C /* YVLoadNewsServiceImplementation.h */,
				EF4CDE951D731375006CBE3C /* YVLoadNewsServiceImplementation.m */,
			);
			path = Services;
			sourceTree = "<group>";
		};
		EF4CDE741D731223006CBE3C /* Operations */ = {
			isa = PBXGroup;
			children = (
				EF4CDE761D73129F006CBE3C /* GroupOperations */,
				EF4CDE771D7312AB006CBE3C /* NetworkOperations */,
				EF4CDE781D7312BF006CBE3C /* ParseOperations */,
				EF4CDE751D731295006CBE3C /* SortOperations */,
			);
			path = Operations;
			sourceTree = "<group>";
		};
		EF4CDE751D731295006CBE3C /* SortOperations */ = {
			isa = PBXGroup;
			children = (
				EF4CDE901D731356006CBE3C /* YVSortResultsOperation.h */,
				EF4CDE911D731356006CBE3C /* YVSortResultsOperation.m */,
			);
			path = SortOperations;
			sourceTree = "<group>";
		};
		EF4CDE761D73129F006CBE3C /* GroupOperations */ = {
			isa = PBXGroup;
			children = (
				EF4CDE861D731331006CBE3C /* YVGetAllNewsOperation.h */,
				EF4CDE871D731331006CBE3C /* YVGetAllNewsOperation.m */,
				EF4CDE841D731331006CBE3C /* YVGetAllSortedResults.h */,
				EF4CDE851D731331006CBE3C /* YVGetAllSortedResults.m */,
				EF4CDE881D731331006CBE3C /* YVGetNewsOperation.h */,
				EF4CDE891D731331006CBE3C /* YVGetNewsOperation.m */,
			);
			path = GroupOperations;
			sourceTree = "<group>";
		};
		EF4CDE771D7312AB006CBE3C /* NetworkOperations */ = {
			isa = PBXGroup;
			children = (
				EF4CDE7A1D7312DD006CBE3C /* FixedNetworkOperations */,
				EF4CDE791D7312D1006CBE3C /* XMLToDictionary */,
				EF4CDE811D731303006CBE3C /* YVLoadDataOperation.h */,
				EF4CDE821D731303006CBE3C /* YVLoadDataOperation.m */,
			);
			path = NetworkOperations;
			sourceTree = "<group>";
		};
		EF4CDE781D7312BF006CBE3C /* ParseOperations */ = {
			isa = PBXGroup;
			children = (
				EF4CDE8D1D73133C006CBE3C /* YVParseOperation.h */,
				EF4CDE8E1D73133C006CBE3C /* YVParseOperation.m */,
			);
			path = ParseOperations;
			sourceTree = "<group>";
		};
		EF4CDE791D7312D1006CBE3C /* XMLToDictionary */ = {
			isa = PBXGroup;
			children = (
				EF4CDE7B1D7312EF006CBE3C /* XMLDictionary.h */,
				EF4CDE7C1D7312EF006CBE3C /* XMLDictionary.m */,
			);
			path = XMLToDictionary;
			sourceTree = "<group>";
		};
		EF4CDE7A1D7312DD006CBE3C /* FixedNetworkOperations */ = {
			isa = PBXGroup;
			children = (
				EF4CDE7E1D7312F7006CBE3C /* YVURLSessionOperation.h */,
				EF4CDE7F1D7312F7006CBE3C /* YVURLSessionOperation.m */,
			);
			path = FixedNetworkOperations;
			sourceTree = "<group>";
		};
		EF4CDEA21D732813006CBE3C /* BusinessLogicTests */ = {
			isa = PBXGroup;
			children = (
				EF4CDEA31D73281E006CBE3C /* OperationsTests */,
				EF4CDEB81D733AC8006CBE3C /* ServicesTests */,
			);
			path = BusinessLogicTests;
			sourceTree = "<group>";
		};
		EF4CDEA31D73281E006CBE3C /* OperationsTests */ = {
			isa = PBXGroup;
			children = (
				EF4CDEAA1D732F21006CBE3C /* DownloadOperationsTests */,
				EF4CDEAE1D73350E006CBE3C /* GroupOperationsTests */,
				EF4CDEAB1D732F34006CBE3C /* ParseOperationTests */,
				EF4CDEB51D7337F9006CBE3C /* SortedResultsOperationTests */,
			);
			path = OperationsTests;
			sourceTree = "<group>";
		};
		EF4CDEA61D732A99006CBE3C /* Constants */ = {
			isa = PBXGroup;
			children = (
				EF4CDEA71D732AB6006CBE3C /* Constants.h */,
			);
			path = Constants;
			sourceTree = "<group>";
		};
		EF4CDEAA1D732F21006CBE3C /* DownloadOperationsTests */ = {
			isa = PBXGroup;
			children = (
				EF4CDEA41D732875006CBE3C /* YVLoadDataOperationTests.m */,
			);
			path = DownloadOperationsTests;
			sourceTree = "<group>";
		};
		EF4CDEAB1D732F34006CBE3C /* ParseOperationTests */ = {
			isa = PBXGroup;
			children = (
				EF4CDEAC1D732FE8006CBE3C /* YVParseOperationTests.m */,
			);
			path = ParseOperationTests;
			sourceTree = "<group>";
		};
		EF4CDEAE1D73350E006CBE3C /* GroupOperationsTests */ = {
			isa = PBXGroup;
			children = (
				EF4CDEB11D7335F9006CBE3C /* YVGetAllNewsOperationTests.m */,
				EF4CDEB31D73373D006CBE3C /* YVGetAllSortedResultsTests.m */,
				EF4CDEAF1D73352E006CBE3C /* YVGetNewsOperationTests.m */,
			);
			path = GroupOperationsTests;
			sourceTree = "<group>";
		};
		EF4CDEB51D7337F9006CBE3C /* SortedResultsOperationTests */ = {
			isa = PBXGroup;
			children = (
				EF4CDEB61D733958006CBE3C /* YVSortResultsOperationTests.m */,
			);
			path = SortedResultsOperationTests;
			sourceTree = "<group>";
		};
		EF4CDEB81D733AC8006CBE3C /* ServicesTests */ = {
			isa = PBXGroup;
			children = (
				EF4CDEB91D733AE9006CBE3C /* YVLoadNewsServiceTests.m */,
			);
			path = ServicesTests;
			sourceTree = "<group>";
		};
		EF4CDEBB1D7354D7006CBE3C /* Storyboard */ = {
			isa = PBXGroup;
			children = (
				EF4CDEEA1D735B69006CBE3C /* DisplayNews.storyboard */,
			);
			path = Storyboard;
			sourceTree = "<group>";
		};
		EF4CDEC01D735547006CBE3C /* UserStories */ = {
			isa = PBXGroup;
			children = (
				EF4CDEBB1D7354D7006CBE3C /* Storyboard */,
			);
			path = UserStories;
			sourceTree = "<group>";
		};
		EF4CDEC11D73555E006CBE3C /* DisplayNewsStory */ = {
			isa = PBXGroup;
			children = (
				EF4CDEC21D735576006CBE3C /* Modules */,
			);
			path = DisplayNewsStory;
			sourceTree = "<group>";
		};
		EF4CDEC21D735576006CBE3C /* Modules */ = {
			isa = PBXGroup;
			children = (
				EF4CDEC41D73558A006CBE3C /* DisplayFull */,
				EF4CDEC31D735583006CBE3C /* DisplayShort */,
			);
			path = Modules;
			sourceTree = "<group>";
		};
		EF4CDEC31D735583006CBE3C /* DisplayShort */ = {
			isa = PBXGroup;
			children = (
				EF4CDEC81D7355BC006CBE3C /* Interactor */,
				EF4CDEC61D7355AB006CBE3C /* Presenter */,
				EF4CDEC71D7355B4006CBE3C /* Router */,
				EF4CDEC51D7355A4006CBE3C /* View */,
			);
			path = DisplayShort;
			sourceTree = "<group>";
		};
		EF4CDEC41D73558A006CBE3C /* DisplayFull */ = {
			isa = PBXGroup;
			children = (
				EF4CDEED1D735C88006CBE3C /* Presenter */,
				EF4CDEEE1D735C9A006CBE3C /* Router */,
				EF4CDEEC1D735C84006CBE3C /* View */,
			);
			path = DisplayFull;
			sourceTree = "<group>";
		};
		EF4CDEC51D7355A4006CBE3C /* View */ = {
			isa = PBXGroup;
			children = (
				EF4CDED71D735677006CBE3C /* Cells */,
				EF4CDED51D73564D006CBE3C /* Controllers */,
				EF4CDED41D735644006CBE3C /* TableViewAdapter */,
			);
			path = View;
			sourceTree = "<group>";
		};
		EF4CDEC61D7355AB006CBE3C /* Presenter */ = {
			isa = PBXGroup;
			children = (
				EF4CDED11D73563B006CBE3C /* YVDisplayShortListPresenter.h */,
				EF4CDED21D73563B006CBE3C /* YVDisplayShortListPresenter.m */,
			);
			path = Presenter;
			sourceTree = "<group>";
		};
		EF4CDEC71D7355B4006CBE3C /* Router */ = {
			isa = PBXGroup;
			children = (
				EF4CDECE1D735633006CBE3C /* YVDisplayShortListRouter.h */,
				EF4CDECF1D735633006CBE3C /* YVDisplayShortListRouter.m */,
				EF4CDECD1D735633006CBE3C /* YVDisplayShortListRouterInput.h */,
			);
			path = Router;
			sourceTree = "<group>";
		};
		EF4CDEC81D7355BC006CBE3C /* Interactor */ = {
			isa = PBXGroup;
			children = (
				EF4CDECA1D735629006CBE3C /* YVDisplayShortListInteractor.h */,
				EF4CDECB1D735629006CBE3C /* YVDisplayShortListInteractor.m */,
				EF4CDEC91D735629006CBE3C /* YVDisplayShortListInteractorInput.h */,
			);
			path = Interactor;
			sourceTree = "<group>";
		};
		EF4CDED41D735644006CBE3C /* TableViewAdapter */ = {
			isa = PBXGroup;
			children = (
				EF4CDEE41D73596A006CBE3C /* YVDisplayShortListAdapter.h */,
				EF4CDEE51D73596A006CBE3C /* YVDisplayShortListAdapter.m */,
			);
			path = TableViewAdapter;
			sourceTree = "<group>";
		};
		EF4CDED51D73564D006CBE3C /* Controllers */ = {
			isa = PBXGroup;
			children = (
				EF4CDEE71D735988006CBE3C /* YVDisplayShortListViewController.h */,
				EF4CDEE81D735988006CBE3C /* YVDisplayShortListViewController.m */,
				EF4CDEE21D735960006CBE3C /* YVDisplayShortListViewInput.h */,
				EF4CDEE31D735960006CBE3C /* YVDisplayShortListViewOutput.h */,
			);
			path = Controllers;
			sourceTree = "<group>";
		};
		EF4CDED71D735677006CBE3C /* Cells */ = {
			isa = PBXGroup;
			children = (
				EF4CDEDD1D7357FB006CBE3C /* YVDisplayShortListTableCell.h */,
				EF4CDEDE1D7357FB006CBE3C /* YVDisplayShortListTableCell.m */,
				EF4CDEDF1D7357FB006CBE3C /* YVDisplayShortListTableCell.xib */,
			);
			path = Cells;
			sourceTree = "<group>";
		};
		EF4CDEEC1D735C84006CBE3C /* View */ = {
			isa = PBXGroup;
			children = (
				EF4CDEF91D735CDA006CBE3C /* YVDisplayLongNewsViewController.h */,
				EF4CDEFA1D735CDA006CBE3C /* YVDisplayLongNewsViewController.m */,
				EF4CDEF71D735CC6006CBE3C /* YVDisplayLongNewsViewInput.h */,
				EF4CDEF81D735CC6006CBE3C /* YVDisplayLongNewsViewOutput.h */,
			);
			path = View;
			sourceTree = "<group>";
		};
		EF4CDEED1D735C88006CBE3C /* Presenter */ = {
			isa = PBXGroup;
			children = (
				EF4CDEF41D735CBE006CBE3C /* YVDisplayLongNewsPresenter.h */,
				EF4CDEF51D735CBE006CBE3C /* YVDisplayLongNewsPresenter.m */,
				EF4CDEF31D735CBE006CBE3C /* YVDisplayLongNewsPresenterInput.h */,
			);
			path = Presenter;
			sourceTree = "<group>";
		};
		EF4CDEEE1D735C9A006CBE3C /* Router */ = {
			isa = PBXGroup;
			children = (
				EF4CDEF01D735CB5006CBE3C /* YVDisplayLongNewsRouter.h */,
				EF4CDEF11D735CB5006CBE3C /* YVDisplayLongNewsRouter.m */,
				EF4CDEEF1D735CB5006CBE3C /* YVDisplayLongNewsRouterInput.h */,
			);
			path = Router;
			sourceTree = "<group>";
		};
		EF4CDEFC1D73608D006CBE3C /* PresentationsTests */ = {
			isa = PBXGroup;
			children = (
				EF4CDF051D736C8C006CBE3C /* FullModulesTests */,
				EF4CDEFD1D73609D006CBE3C /* ShortModulesTests */,
			);
			path = PresentationsTests;
			sourceTree = "<group>";
		};
		EF4CDEFD1D73609D006CBE3C /* ShortModulesTests */ = {
			isa = PBXGroup;
			children = (
				EF4CDEFF1D7360B0006CBE3C /* Interactor */,
				EF4CDF001D7360B6006CBE3C /* Presenter */,
				EF4CDF061D736CC9006CBE3C /* Router */,
				EF4CDEFE1D7360AC006CBE3C /* View */,
			);
			path = ShortModulesTests;
			sourceTree = "<group>";
		};
		EF4CDEFE1D7360AC006CBE3C /* View */ = {
			isa = PBXGroup;
			children = (
				EF4CDF091D736E6B006CBE3C /* YVDisplayShortListViewControllerTests.m */,
			);
			path = View;
			sourceTree = "<group>";
		};
		EF4CDEFF1D7360B0006CBE3C /* Interactor */ = {
			isa = PBXGroup;
			children = (
				EF4CDF011D736192006CBE3C /* YVDisplayShortListInteractorTests.m */,
			);
			path = Interactor;
			sourceTree = "<group>";
		};
		EF4CDF001D7360B6006CBE3C /* Presenter */ = {
			isa = PBXGroup;
			children = (
				EF4CDF031D736638006CBE3C /* YVDisplayShortListPresenterTests.m */,
			);
			path = Presenter;
			sourceTree = "<group>";
		};
		EF4CDF051D736C8C006CBE3C /* FullModulesTests */ = {
			isa = PBXGroup;
			children = (
				EF4CDF0E1D737242006CBE3C /* Router */,
				EF4CDF0B1D7370CB006CBE3C /* View */,
			);
			path = FullModulesTests;
			sourceTree = "<group>";
		};
		EF4CDF061D736CC9006CBE3C /* Router */ = {
			isa = PBXGroup;
			children = (
				EF4CDF071D736CDB006CBE3C /* YVDisplayShortListRouterTests.m */,
			);
			path = Router;
			sourceTree = "<group>";
		};
		EF4CDF0B1D7370CB006CBE3C /* View */ = {
			isa = PBXGroup;
			children = (
				EF4CDF0C1D737124006CBE3C /* YVDisplayLongNewsViewControllerTests.m */,
			);
			path = View;
			sourceTree = "<group>";
		};
		EF4CDF0E1D737242006CBE3C /* Router */ = {
			isa = PBXGroup;
			children = (
				EF4CDF0F1D73727F006CBE3C /* YVDisplayLongNewsRouterTests.m */,
			);
			path = Router;
			sourceTree = "<group>";
		};
/* End PBXGroup section */

/* Begin PBXNativeTarget section */
		EF4CDE341D7308D5006CBE3C /* RamblerTest */ = {
			isa = PBXNativeTarget;
			buildConfigurationList = EF4CDE571D7308D5006CBE3C /* Build configuration list for PBXNativeTarget "RamblerTest" */;
			buildPhases = (
				88EF1E4C91C043AD5FB2E6CB /* 📦 Check Pods Manifest.lock */,
				EF4CDE311D7308D5006CBE3C /* Sources */,
				EF4CDE321D7308D5006CBE3C /* Frameworks */,
				EF4CDE331D7308D5006CBE3C /* Resources */,
				4A85EF2A679C76E36A865FE0 /* 📦 Embed Pods Frameworks */,
				B7A2F1E0AE5A8679CFB74C43 /* 📦 Copy Pods Resources */,
			);
			buildRules = (
			);
			dependencies = (
			);
			name = RamblerTest;
			productName = RamblerTest;
			productReference = EF4CDE351D7308D5006CBE3C /* RamblerTest.app */;
			productType = "com.apple.product-type.application";
		};
		EF4CDE4D1D7308D5006CBE3C /* RamblerTestTests */ = {
			isa = PBXNativeTarget;
			buildConfigurationList = EF4CDE5A1D7308D5006CBE3C /* Build configuration list for PBXNativeTarget "RamblerTestTests" */;
			buildPhases = (
				21E862FA9DBBB0007E33EA9F /* 📦 Check Pods Manifest.lock */,
				EF4CDE4A1D7308D5006CBE3C /* Sources */,
				EF4CDE4B1D7308D5006CBE3C /* Frameworks */,
				EF4CDE4C1D7308D5006CBE3C /* Resources */,
				17A00D859BFC0F7F584CC2C6 /* 📦 Embed Pods Frameworks */,
				14959905F405884A50FC2708 /* 📦 Copy Pods Resources */,
			);
			buildRules = (
			);
			dependencies = (
				EF4CDE501D7308D5006CBE3C /* PBXTargetDependency */,
			);
			name = RamblerTestTests;
			productName = RamblerTestTests;
			productReference = EF4CDE4E1D7308D5006CBE3C /* RamblerTestTests.xctest */;
			productType = "com.apple.product-type.bundle.unit-test";
		};
/* End PBXNativeTarget section */

/* Begin PBXProject section */
		EF4CDE2D1D7308D5006CBE3C /* Project object */ = {
			isa = PBXProject;
			attributes = {
				LastUpgradeCheck = 0730;
				ORGANIZATIONNAME = "Юрий Воскресенский";
				TargetAttributes = {
					EF4CDE341D7308D5006CBE3C = {
						CreatedOnToolsVersion = 7.3.1;
					};
					EF4CDE4D1D7308D5006CBE3C = {
						CreatedOnToolsVersion = 7.3.1;
						TestTargetID = EF4CDE341D7308D5006CBE3C;
					};
				};
			};
			buildConfigurationList = EF4CDE301D7308D5006CBE3C /* Build configuration list for PBXProject "RamblerTest" */;
			compatibilityVersion = "Xcode 3.2";
			developmentRegion = English;
			hasScannedForEncodings = 0;
			knownRegions = (
				en,
				Base,
			);
			mainGroup = EF4CDE2C1D7308D5006CBE3C;
			productRefGroup = EF4CDE361D7308D5006CBE3C /* Products */;
			projectDirPath = "";
			projectRoot = "";
			targets = (
				EF4CDE341D7308D5006CBE3C /* RamblerTest */,
				EF4CDE4D1D7308D5006CBE3C /* RamblerTestTests */,
			);
		};
/* End PBXProject section */

/* Begin PBXResourcesBuildPhase section */
		EF4CDE331D7308D5006CBE3C /* Resources */ = {
			isa = PBXResourcesBuildPhase;
			buildActionMask = 2147483647;
			files = (
				EF4CDEEB1D735B69006CBE3C /* DisplayNews.storyboard in Resources */,
				EF4CDEE11D7357FB006CBE3C /* YVDisplayShortListTableCell.xib in Resources */,
				EF4CDE481D7308D5006CBE3C /* LaunchScreen.storyboard in Resources */,
				EF4CDE451D7308D5006CBE3C /* Assets.xcassets in Resources */,
			);
			runOnlyForDeploymentPostprocessing = 0;
		};
		EF4CDE4C1D7308D5006CBE3C /* Resources */ = {
			isa = PBXResourcesBuildPhase;
			buildActionMask = 2147483647;
			files = (
			);
			runOnlyForDeploymentPostprocessing = 0;
		};
/* End PBXResourcesBuildPhase section */

/* Begin PBXShellScriptBuildPhase section */
		14959905F405884A50FC2708 /* 📦 Copy Pods Resources */ = {
			isa = PBXShellScriptBuildPhase;
			buildActionMask = 2147483647;
			files = (
			);
			inputPaths = (
			);
			name = "📦 Copy Pods Resources";
			outputPaths = (
			);
			runOnlyForDeploymentPostprocessing = 0;
			shellPath = /bin/sh;
			shellScript = "\"${SRCROOT}/Pods/Target Support Files/Pods-RamblerTestTests/Pods-RamblerTestTests-resources.sh\"\n";
			showEnvVarsInLog = 0;
		};
		17A00D859BFC0F7F584CC2C6 /* 📦 Embed Pods Frameworks */ = {
			isa = PBXShellScriptBuildPhase;
			buildActionMask = 2147483647;
			files = (
			);
			inputPaths = (
			);
			name = "📦 Embed Pods Frameworks";
			outputPaths = (
			);
			runOnlyForDeploymentPostprocessing = 0;
			shellPath = /bin/sh;
			shellScript = "\"${SRCROOT}/Pods/Target Support Files/Pods-RamblerTestTests/Pods-RamblerTestTests-frameworks.sh\"\n";
			showEnvVarsInLog = 0;
		};
		21E862FA9DBBB0007E33EA9F /* 📦 Check Pods Manifest.lock */ = {
			isa = PBXShellScriptBuildPhase;
			buildActionMask = 2147483647;
			files = (
			);
			inputPaths = (
			);
			name = "📦 Check Pods Manifest.lock";
			outputPaths = (
			);
			runOnlyForDeploymentPostprocessing = 0;
			shellPath = /bin/sh;
			shellScript = "diff \"${PODS_ROOT}/../Podfile.lock\" \"${PODS_ROOT}/Manifest.lock\" > /dev/null\nif [[ $? != 0 ]] ; then\n    cat << EOM\nerror: The sandbox is not in sync with the Podfile.lock. Run 'pod install' or update your CocoaPods installation.\nEOM\n    exit 1\nfi\n";
			showEnvVarsInLog = 0;
		};
		4A85EF2A679C76E36A865FE0 /* 📦 Embed Pods Frameworks */ = {
			isa = PBXShellScriptBuildPhase;
			buildActionMask = 2147483647;
			files = (
			);
			inputPaths = (
			);
			name = "📦 Embed Pods Frameworks";
			outputPaths = (
			);
			runOnlyForDeploymentPostprocessing = 0;
			shellPath = /bin/sh;
			shellScript = "\"${SRCROOT}/Pods/Target Support Files/Pods-RamblerTest/Pods-RamblerTest-frameworks.sh\"\n";
			showEnvVarsInLog = 0;
		};
		88EF1E4C91C043AD5FB2E6CB /* 📦 Check Pods Manifest.lock */ = {
			isa = PBXShellScriptBuildPhase;
			buildActionMask = 2147483647;
			files = (
			);
			inputPaths = (
			);
			name = "📦 Check Pods Manifest.lock";
			outputPaths = (
			);
			runOnlyForDeploymentPostprocessing = 0;
			shellPath = /bin/sh;
			shellScript = "diff \"${PODS_ROOT}/../Podfile.lock\" \"${PODS_ROOT}/Manifest.lock\" > /dev/null\nif [[ $? != 0 ]] ; then\n    cat << EOM\nerror: The sandbox is not in sync with the Podfile.lock. Run 'pod install' or update your CocoaPods installation.\nEOM\n    exit 1\nfi\n";
			showEnvVarsInLog = 0;
		};
		B7A2F1E0AE5A8679CFB74C43 /* 📦 Copy Pods Resources */ = {
			isa = PBXShellScriptBuildPhase;
			buildActionMask = 2147483647;
			files = (
			);
			inputPaths = (
			);
			name = "📦 Copy Pods Resources";
			outputPaths = (
			);
			runOnlyForDeploymentPostprocessing = 0;
			shellPath = /bin/sh;
			shellScript = "\"${SRCROOT}/Pods/Target Support Files/Pods-RamblerTest/Pods-RamblerTest-resources.sh\"\n";
			showEnvVarsInLog = 0;
		};
/* End PBXShellScriptBuildPhase section */

/* Begin PBXSourcesBuildPhase section */
		EF4CDE311D7308D5006CBE3C /* Sources */ = {
			isa = PBXSourcesBuildPhase;
			buildActionMask = 2147483647;
			files = (
				EF4CDE8F1D73133C006CBE3C /* YVParseOperation.m in Sources */,
				EF4CDE721D731192006CBE3C /* YVFixedURLSessionManager.m in Sources */,
				EF4CDEE01D7357FB006CBE3C /* YVDisplayShortListTableCell.m in Sources */,
				EF4CDEF61D735CBE006CBE3C /* YVDisplayLongNewsPresenter.m in Sources */,
				EF4CDEF21D735CB5006CBE3C /* YVDisplayLongNewsRouter.m in Sources */,
				EF4CDE6A1D731114006CBE3C /* YVConstants.m in Sources */,
				EF4CDEE61D73596A006CBE3C /* YVDisplayShortListAdapter.m in Sources */,
				EF4CDEE91D735988006CBE3C /* YVDisplayShortListViewController.m in Sources */,
				EF4CDE831D731303006CBE3C /* YVLoadDataOperation.m in Sources */,
				EF4CDE6D1D731149006CBE3C /* YVNewsModel.m in Sources */,
				EF4CDE3D1D7308D5006CBE3C /* AppDelegate.m in Sources */,
				EF4CDE3A1D7308D5006CBE3C /* main.m in Sources */,
				EF4CDEFB1D735CDA006CBE3C /* YVDisplayLongNewsViewController.m in Sources */,
				EF4CDED01D735633006CBE3C /* YVDisplayShortListRouter.m in Sources */,
				EF4CDE961D731375006CBE3C /* YVLoadNewsServiceImplementation.m in Sources */,
				EF4CDE921D731356006CBE3C /* YVSortResultsOperation.m in Sources */,
				EF4CDE8B1D731331006CBE3C /* YVGetAllNewsOperation.m in Sources */,
				EF4CDECC1D735629006CBE3C /* YVDisplayShortListInteractor.m in Sources */,
				EF4CDE801D7312F7006CBE3C /* YVURLSessionOperation.m in Sources */,
				EF4CDE8C1D731331006CBE3C /* YVGetNewsOperation.m in Sources */,
				EF4CDE7D1D7312EF006CBE3C /* XMLDictionary.m in Sources */,
				EF4CDED31D73563B006CBE3C /* YVDisplayShortListPresenter.m in Sources */,
				EF4CDE8A1D731331006CBE3C /* YVGetAllSortedResults.m in Sources */,
			);
			runOnlyForDeploymentPostprocessing = 0;
		};
		EF4CDE4A1D7308D5006CBE3C /* Sources */ = {
			isa = PBXSourcesBuildPhase;
			buildActionMask = 2147483647;
			files = (
				EF4CDF101D73727F006CBE3C /* YVDisplayLongNewsRouterTests.m in Sources */,
				EF4CDEB01D73352E006CBE3C /* YVGetNewsOperationTests.m in Sources */,
				EF4CDEB21D7335F9006CBE3C /* YVGetAllNewsOperationTests.m in Sources */,
				EF4CDEA51D732875006CBE3C /* YVLoadDataOperationTests.m in Sources */,
				EF4CDF041D736638006CBE3C /* YVDisplayShortListPresenterTests.m in Sources */,
				EF4CDEBA1D733AE9006CBE3C /* YVLoadNewsServiceTests.m in Sources */,
				EF4CDEAD1D732FE8006CBE3C /* YVParseOperationTests.m in Sources */,
				EF4CDF0A1D736E6B006CBE3C /* YVDisplayShortListViewControllerTests.m in Sources */,
				EF4CDF021D736192006CBE3C /* YVDisplayShortListInteractorTests.m in Sources */,
				EF4CDEB41D73373D006CBE3C /* YVGetAllSortedResultsTests.m in Sources */,
				EF4CDF0D1D737124006CBE3C /* YVDisplayLongNewsViewControllerTests.m in Sources */,
				EF4CDEB71D733958006CBE3C /* YVSortResultsOperationTests.m in Sources */,
				EF4CDF081D736CDB006CBE3C /* YVDisplayShortListRouterTests.m in Sources */,
			);
			runOnlyForDeploymentPostprocessing = 0;
		};
/* End PBXSourcesBuildPhase section */

/* Begin PBXTargetDependency section */
		EF4CDE501D7308D5006CBE3C /* PBXTargetDependency */ = {
			isa = PBXTargetDependency;
			target = EF4CDE341D7308D5006CBE3C /* RamblerTest */;
			targetProxy = EF4CDE4F1D7308D5006CBE3C /* PBXContainerItemProxy */;
		};
/* End PBXTargetDependency section */

/* Begin PBXVariantGroup section */
		EF4CDE461D7308D5006CBE3C /* LaunchScreen.storyboard */ = {
			isa = PBXVariantGroup;
			children = (
				EF4CDE471D7308D5006CBE3C /* Base */,
			);
			name = LaunchScreen.storyboard;
			path = .;
			sourceTree = "<group>";
		};
/* End PBXVariantGroup section */

/* Begin XCBuildConfiguration section */
		EF4CDE551D7308D5006CBE3C /* Debug */ = {
			isa = XCBuildConfiguration;
			buildSettings = {
				ALWAYS_SEARCH_USER_PATHS = NO;
				CLANG_ANALYZER_NONNULL = YES;
				CLANG_CXX_LANGUAGE_STANDARD = "gnu++0x";
				CLANG_CXX_LIBRARY = "libc++";
				CLANG_ENABLE_MODULES = YES;
				CLANG_ENABLE_OBJC_ARC = YES;
				CLANG_WARN_BOOL_CONVERSION = YES;
				CLANG_WARN_CONSTANT_CONVERSION = YES;
				CLANG_WARN_DIRECT_OBJC_ISA_USAGE = YES_ERROR;
				CLANG_WARN_EMPTY_BODY = YES;
				CLANG_WARN_ENUM_CONVERSION = YES;
				CLANG_WARN_INT_CONVERSION = YES;
				CLANG_WARN_OBJC_ROOT_CLASS = YES_ERROR;
				CLANG_WARN_UNREACHABLE_CODE = YES;
				CLANG_WARN__DUPLICATE_METHOD_MATCH = YES;
				"CODE_SIGN_IDENTITY[sdk=iphoneos*]" = "iPhone Developer";
				COPY_PHASE_STRIP = NO;
				DEBUG_INFORMATION_FORMAT = dwarf;
				ENABLE_STRICT_OBJC_MSGSEND = YES;
				ENABLE_TESTABILITY = YES;
				GCC_C_LANGUAGE_STANDARD = gnu99;
				GCC_DYNAMIC_NO_PIC = NO;
				GCC_NO_COMMON_BLOCKS = YES;
				GCC_OPTIMIZATION_LEVEL = 0;
				GCC_PREPROCESSOR_DEFINITIONS = (
					"DEBUG=1",
					"$(inherited)",
				);
				GCC_WARN_64_TO_32_BIT_CONVERSION = YES;
				GCC_WARN_ABOUT_RETURN_TYPE = YES_ERROR;
				GCC_WARN_UNDECLARED_SELECTOR = YES;
				GCC_WARN_UNINITIALIZED_AUTOS = YES_AGGRESSIVE;
				GCC_WARN_UNUSED_FUNCTION = YES;
				GCC_WARN_UNUSED_VARIABLE = YES;
				IPHONEOS_DEPLOYMENT_TARGET = 9.3;
				MTL_ENABLE_DEBUG_INFO = YES;
				ONLY_ACTIVE_ARCH = YES;
				SDKROOT = iphoneos;
			};
			name = Debug;
		};
		EF4CDE561D7308D5006CBE3C /* Release */ = {
			isa = XCBuildConfiguration;
			buildSettings = {
				ALWAYS_SEARCH_USER_PATHS = NO;
				CLANG_ANALYZER_NONNULL = YES;
				CLANG_CXX_LANGUAGE_STANDARD = "gnu++0x";
				CLANG_CXX_LIBRARY = "libc++";
				CLANG_ENABLE_MODULES = YES;
				CLANG_ENABLE_OBJC_ARC = YES;
				CLANG_WARN_BOOL_CONVERSION = YES;
				CLANG_WARN_CONSTANT_CONVERSION = YES;
				CLANG_WARN_DIRECT_OBJC_ISA_USAGE = YES_ERROR;
				CLANG_WARN_EMPTY_BODY = YES;
				CLANG_WARN_ENUM_CONVERSION = YES;
				CLANG_WARN_INT_CONVERSION = YES;
				CLANG_WARN_OBJC_ROOT_CLASS = YES_ERROR;
				CLANG_WARN_UNREACHABLE_CODE = YES;
				CLANG_WARN__DUPLICATE_METHOD_MATCH = YES;
				"CODE_SIGN_IDENTITY[sdk=iphoneos*]" = "iPhone Developer";
				COPY_PHASE_STRIP = NO;
				DEBUG_INFORMATION_FORMAT = "dwarf-with-dsym";
				ENABLE_NS_ASSERTIONS = NO;
				ENABLE_STRICT_OBJC_MSGSEND = YES;
				GCC_C_LANGUAGE_STANDARD = gnu99;
				GCC_NO_COMMON_BLOCKS = YES;
				GCC_WARN_64_TO_32_BIT_CONVERSION = YES;
				GCC_WARN_ABOUT_RETURN_TYPE = YES_ERROR;
				GCC_WARN_UNDECLARED_SELECTOR = YES;
				GCC_WARN_UNINITIALIZED_AUTOS = YES_AGGRESSIVE;
				GCC_WARN_UNUSED_FUNCTION = YES;
				GCC_WARN_UNUSED_VARIABLE = YES;
				IPHONEOS_DEPLOYMENT_TARGET = 9.3;
				MTL_ENABLE_DEBUG_INFO = NO;
				SDKROOT = iphoneos;
				VALIDATE_PRODUCT = YES;
			};
			name = Release;
		};
		EF4CDE581D7308D5006CBE3C /* Debug */ = {
			isa = XCBuildConfiguration;
			baseConfigurationReference = 2DB1566DA2CB59B4E1BAC2BC /* Pods-RamblerTest.debug.xcconfig */;
			buildSettings = {
				ASSETCATALOG_COMPILER_APPICON_NAME = AppIcon;
				INFOPLIST_FILE = RamblerTest/Resources/Info.plist;
				IPHONEOS_DEPLOYMENT_TARGET = 9.0;
				LD_RUNPATH_SEARCH_PATHS = "$(inherited) @executable_path/Frameworks";
				PRODUCT_BUNDLE_IDENTIFIER = com.mycompany.RamblerTest;
				PRODUCT_NAME = "$(TARGET_NAME)";
			};
			name = Debug;
		};
		EF4CDE591D7308D5006CBE3C /* Release */ = {
			isa = XCBuildConfiguration;
			baseConfigurationReference = B20F1E633FD344F9DE4347ED /* Pods-RamblerTest.release.xcconfig */;
			buildSettings = {
				ASSETCATALOG_COMPILER_APPICON_NAME = AppIcon;
				INFOPLIST_FILE = RamblerTest/Resources/Info.plist;
				IPHONEOS_DEPLOYMENT_TARGET = 9.0;
				LD_RUNPATH_SEARCH_PATHS = "$(inherited) @executable_path/Frameworks";
				PRODUCT_BUNDLE_IDENTIFIER = com.mycompany.RamblerTest;
				PRODUCT_NAME = "$(TARGET_NAME)";
			};
			name = Release;
		};
		EF4CDE5B1D7308D5006CBE3C /* Debug */ = {
			isa = XCBuildConfiguration;
			baseConfigurationReference = E174E5F8DC2FA40853898A20 /* Pods-RamblerTestTests.debug.xcconfig */;
			buildSettings = {
				BUNDLE_LOADER = "$(TEST_HOST)";
				INFOPLIST_FILE = RamblerTestTests/Info.plist;
				LD_RUNPATH_SEARCH_PATHS = "$(inherited) @executable_path/Frameworks @loader_path/Frameworks";
				PRODUCT_BUNDLE_IDENTIFIER = com.mycompany.RamblerTestTests;
				PRODUCT_NAME = "$(TARGET_NAME)";
				TEST_HOST = "$(BUILT_PRODUCTS_DIR)/RamblerTest.app/RamblerTest";
			};
			name = Debug;
		};
		EF4CDE5C1D7308D5006CBE3C /* Release */ = {
			isa = XCBuildConfiguration;
			baseConfigurationReference = 5D28B30F6EA15C6735E5AD04 /* Pods-RamblerTestTests.release.xcconfig */;
			buildSettings = {
				BUNDLE_LOADER = "$(TEST_HOST)";
				INFOPLIST_FILE = RamblerTestTests/Info.plist;
				LD_RUNPATH_SEARCH_PATHS = "$(inherited) @executable_path/Frameworks @loader_path/Frameworks";
				PRODUCT_BUNDLE_IDENTIFIER = com.mycompany.RamblerTestTests;
				PRODUCT_NAME = "$(TARGET_NAME)";
				TEST_HOST = "$(BUILT_PRODUCTS_DIR)/RamblerTest.app/RamblerTest";
			};
			name = Release;
		};
/* End XCBuildConfiguration section */

/* Begin XCConfigurationList section */
		EF4CDE301D7308D5006CBE3C /* Build configuration list for PBXProject "RamblerTest" */ = {
			isa = XCConfigurationList;
			buildConfigurations = (
				EF4CDE551D7308D5006CBE3C /* Debug */,
				EF4CDE561D7308D5006CBE3C /* Release */,
			);
			defaultConfigurationIsVisible = 0;
			defaultConfigurationName = Release;
		};
		EF4CDE571D7308D5006CBE3C /* Build configuration list for PBXNativeTarget "RamblerTest" */ = {
			isa = XCConfigurationList;
			buildConfigurations = (
				EF4CDE581D7308D5006CBE3C /* Debug */,
				EF4CDE591D7308D5006CBE3C /* Release */,
			);
			defaultConfigurationIsVisible = 0;
			defaultConfigurationName = Release;
		};
		EF4CDE5A1D7308D5006CBE3C /* Build configuration list for PBXNativeTarget "RamblerTestTests" */ = {
			isa = XCConfigurationList;
			buildConfigurations = (
				EF4CDE5B1D7308D5006CBE3C /* Debug */,
				EF4CDE5C1D7308D5006CBE3C /* Release */,
			);
			defaultConfigurationIsVisible = 0;
			defaultConfigurationName = Release;
		};
/* End XCConfigurationList section */
	};
	rootObject = EF4CDE2D1D7308D5006CBE3C /* Project object */;
}
